{
    "requires": true,
    "lockfileVersion": 1,
    "dependencies": {
        "@websanova/vue-auth": {
            "version": "2.21.14-beta",
            "resolved": "https://registry.npmjs.org/@websanova/vue-auth/-/vue-auth-2.21.14-beta.tgz",
            "integrity": "sha512-p2ahPPxhjknbwOWd+JAIZwqcZY9L1J8l0fYAH6tbIKz+CktvKtGlv4LeNPDtZQQF6ByWXdU1XQ/XFOwyDNjCkQ=="
        },
        "vue-axios": {
            "version": "2.1.4",
            "resolved": "https://registry.npmjs.org/vue-axios/-/vue-axios-2.1.4.tgz",
            "integrity": "sha512-DS8Q+WFT3i7nS0aZ/NMmTPf2yhbtlXhj4QEZmY69au/BshsGzGjC6dXaniZaPQlErP3J3Sv1HtQ4RVrXaUTkxA=="
        },
        "vue-router": {
            "version": "3.0.2",
            "resolved": "https://registry.npmjs.org/vue-router/-/vue-router-3.0.2.tgz",
            "integrity": "sha512-opKtsxjp9eOcFWdp6xLQPLmRGgfM932Tl56U9chYTnoWqKxQ8M20N7AkdEbM5beUh6wICoFGYugAX9vQjyJLFg=="
        },
        "vuex": {
            "version": "3.1.0",
            "resolved": "https://registry.npmjs.org/vuex/-/vuex-3.1.0.tgz",
            "integrity": "sha512-mdHeHT/7u4BncpUZMlxNaIdcN/HIt1GsGG5LKByArvYG/v6DvHcOxvDCts+7SRdCoIRGllK8IMZvQtQXLppDYg=="
        }
    }
}
